
Microsoft Visual Studio Solution File, Format Version 12.00
# Visual Studio Version 17
VisualStudioVersion = 17.8.34330.188
MinimumVisualStudioVersion = 10.0.40219.1
Project("{FAE04EC0-301F-11D3-BF4B-00C04F79EFBC}") = "client", "client.csproj", "{9BDDE54E-5932-4867-A467-476A88A89A1C}"
EndProject
Project("{FAE04EC0-301F-11D3-BF4B-00C04F79EFBC}") = "Server", "..\Server\Server.csproj", "{F026D4F0-D032-4018-AB87-831D6C34121A}"
EndProject
Global
	GlobalSection(SolutionConfigurationPlatforms) = preSolution
		Debug|Any CPU = Debug|Any CPU
		Release|Any CPU = Release|Any CPU
	EndGlobalSection
	GlobalSection(ProjectConfigurationPlatforms) = postSolution
		{9BDDE54E-5932-4867-A467-476A88A89A1C}.Debug|Any CPU.ActiveCfg = Debug|Any CPU
		{9BDDE54E-5932-4867-A467-476A88A89A1C}.Debug|Any CPU.Build.0 = Debug|Any CPU
		{9BDDE54E-5932-4867-A467-476A88A89A1C}.Release|Any CPU.ActiveCfg = Release|Any CPU
		{9BDDE54E-5932-4867-A467-476A88A89A1C}.Release|Any CPU.Build.0 = Release|Any CPU
		{F026D4F0-D032-4018-AB87-831D6C34121A}.Debug|Any CPU.ActiveCfg = Debug|Any CPU
		{F026D4F0-D032-4018-AB87-831D6C34121A}.Debug|Any CPU.Build.0 = Debug|Any CPU
		{F026D4F0-D032-4018-AB87-831D6C34121A}.Release|Any CPU.ActiveCfg = Release|Any CPU
		{F026D4F0-D032-4018-AB87-831D6C34121A}.Release|Any CPU.Build.0 = Release|Any CPU
	EndGlobalSection
	GlobalSection(SolutionProperties) = preSolution
		HideSolutionNode = FALSE
	EndGlobalSection
	GlobalSection(ExtensibilityGlobals) = postSolution
		SolutionGuid = {68FD3B5E-01C8-4825-9D54-319008B01F1A}
	EndGlobalSection
EndGlobal
